// !$*UTF8*$!
{
	archiveVersion = 1;
	classes = {
	};
	objectVersion = 46;
	objects = {

/* Begin PBXBuildFile section */
		ED84DF611D8DC482004395DD /* AppDelegate.swift in Sources */ = {isa = PBXBuildFile; fileRef = ED84DF601D8DC482004395DD /* AppDelegate.swift */; };
		ED84DF631D8DC482004395DD /* GameScene.sks in Resources */ = {isa = PBXBuildFile; fileRef = ED84DF621D8DC482004395DD /* GameScene.sks */; };
		ED84DF651D8DC482004395DD /* GameScene.swift in Sources */ = {isa = PBXBuildFile; fileRef = ED84DF641D8DC482004395DD /* GameScene.swift */; };
		ED84DF671D8DC482004395DD /* GameViewController.swift in Sources */ = {isa = PBXBuildFile; fileRef = ED84DF661D8DC482004395DD /* GameViewController.swift */; };
		ED84DF6A1D8DC482004395DD /* Main.storyboard in Resources */ = {isa = PBXBuildFile; fileRef = ED84DF681D8DC482004395DD /* Main.storyboard */; };
		ED84DF6C1D8DC482004395DD /* Assets.xcassets in Resources */ = {isa = PBXBuildFile; fileRef = ED84DF6B1D8DC482004395DD /* Assets.xcassets */; };
		ED84DF6F1D8DC482004395DD /* LaunchScreen.storyboard in Resources */ = {isa = PBXBuildFile; fileRef = ED84DF6D1D8DC482004395DD /* LaunchScreen.storyboard */; };
		ED84DF7A1D8DC482004395DD /* SaveThisBeeTests.swift in Sources */ = {isa = PBXBuildFile; fileRef = ED84DF791D8DC482004395DD /* SaveThisBeeTests.swift */; };
		ED84DF851D8DC482004395DD /* SaveThisBeeUITests.swift in Sources */ = {isa = PBXBuildFile; fileRef = ED84DF841D8DC482004395DD /* SaveThisBeeUITests.swift */; };
/* End PBXBuildFile section */

/* Begin PBXContainerItemProxy section */
		ED84DF761D8DC482004395DD /* PBXContainerItemProxy */ = {
			isa = PBXContainerItemProxy;
			containerPortal = ED84DF551D8DC482004395DD /* Project object */;
			proxyType = 1;
			remoteGlobalIDString = ED84DF5C1D8DC482004395DD;
			remoteInfo = SaveThisBee;
		};
		ED84DF811D8DC482004395DD /* PBXContainerItemProxy */ = {
			isa = PBXContainerItemProxy;
			containerPortal = ED84DF551D8DC482004395DD /* Project object */;
			proxyType = 1;
			remoteGlobalIDString = ED84DF5C1D8DC482004395DD;
			remoteInfo = SaveThisBee;
		};
/* End PBXContainerItemProxy section */

/* Begin PBXFileReference section */
		ED84DF5D1D8DC482004395DD /* SaveThisBee.app */ = {isa = PBXFileReference; explicitFileType = wrapper.application; includeInIndex = 0; path = SaveThisBee.app; sourceTree = BUILT_PRODUCTS_DIR; };
		ED84DF601D8DC482004395DD /* AppDelegate.swift */ = {isa = PBXFileReference; lastKnownFileType = sourcecode.swift; path = AppDelegate.swift; sourceTree = "<group>"; };
		ED84DF621D8DC482004395DD /* GameScene.sks */ = {isa = PBXFileReference; lastKnownFileType = file.sks; path = GameScene.sks; sourceTree = "<group>"; };
		ED84DF641D8DC482004395DD /* GameScene.swift */ = {isa = PBXFileReference; lastKnownFileType = sourcecode.swift; path = GameScene.swift; sourceTree = "<group>"; };
		ED84DF661D8DC482004395DD /* GameViewController.swift */ = {isa = PBXFileReference; lastKnownFileType = sourcecode.swift; path = GameViewController.swift; sourceTree = "<group>"; };
		ED84DF691D8DC482004395DD /* Base */ = {isa = PBXFileReference; lastKnownFileType = file.storyboard; name = Base; path = Base.lproj/Main.storyboard; sourceTree = "<group>"; };
		ED84DF6B1D8DC482004395DD /* Assets.xcassets */ = {isa = PBXFileReference; lastKnownFileType = folder.assetcatalog; path = Assets.xcassets; sourceTree = "<group>"; };
		ED84DF6E1D8DC482004395DD /* Base */ = {isa = PBXFileReference; lastKnownFileType = file.storyboard; name = Base; path = Base.lproj/LaunchScreen.storyboard; sourceTree = "<group>"; };
		ED84DF701D8DC482004395DD /* Info.plist */ = {isa = PBXFileReference; lastKnownFileType = text.plist.xml; path = Info.plist; sourceTree = "<group>"; };
		ED84DF751D8DC482004395DD /* SaveThisBeeTests.xctest */ = {isa = PBXFileReference; explicitFileType = wrapper.cfbundle; includeInIndex = 0; path = SaveThisBeeTests.xctest; sourceTree = BUILT_PRODUCTS_DIR; };
		ED84DF791D8DC482004395DD /* SaveThisBeeTests.swift */ = {isa = PBXFileReference; lastKnownFileType = sourcecode.swift; path = SaveThisBeeTests.swift; sourceTree = "<group>"; };
		ED84DF7B1D8DC482004395DD /* Info.plist */ = {isa = PBXFileReference; lastKnownFileType = text.plist.xml; path = Info.plist; sourceTree = "<group>"; };
		ED84DF801D8DC482004395DD /* SaveThisBeeUITests.xctest */ = {isa = PBXFileReference; explicitFileType = wrapper.cfbundle; includeInIndex = 0; path = SaveThisBeeUITests.xctest; sourceTree = BUILT_PRODUCTS_DIR; };
		ED84DF841D8DC482004395DD /* SaveThisBeeUITests.swift */ = {isa = PBXFileReference; lastKnownFileType = sourcecode.swift; path = SaveThisBeeUITests.swift; sourceTree = "<group>"; };
		ED84DF861D8DC482004395DD /* Info.plist */ = {isa = PBXFileReference; lastKnownFileType = text.plist.xml; path = Info.plist; sourceTree = "<group>"; };
/* End PBXFileReference section */

/* Begin PBXFrameworksBuildPhase section */
		ED84DF5A1D8DC482004395DD /* Frameworks */ = {
			isa = PBXFrameworksBuildPhase;
			buildActionMask = 2147483647;
			files = (
			);
			runOnlyForDeploymentPostprocessing = 0;
		};
		ED84DF721D8DC482004395DD /* Frameworks */ = {
			isa = PBXFrameworksBuildPhase;
			buildActionMask = 2147483647;
			files = (
			);
			runOnlyForDeploymentPostprocessing = 0;
		};
		ED84DF7D1D8DC482004395DD /* Frameworks */ = {
			isa = PBXFrameworksBuildPhase;
			buildActionMask = 2147483647;
			files = (
			);
			runOnlyForDeploymentPostprocessing = 0;
		};
/* End PBXFrameworksBuildPhase section */

/* Begin PBXGroup section */
		ED84DF541D8DC482004395DD = {
			isa = PBXGroup;
			children = (
				ED84DF5F1D8DC482004395DD /* SaveThisBee */,
				ED84DF781D8DC482004395DD /* SaveThisBeeTests */,
				ED84DF831D8DC482004395DD /* SaveThisBeeUITests */,
				ED84DF5E1D8DC482004395DD /* Products */,
			);
			sourceTree = "<group>";
		};
		ED84DF5E1D8DC482004395DD /* Products */ = {
			isa = PBXGroup;
			children = (
				ED84DF5D1D8DC482004395DD /* SaveThisBee.app */,
				ED84DF751D8DC482004395DD /* SaveThisBeeTests.xctest */,
				ED84DF801D8DC482004395DD /* SaveThisBeeUITests.xctest */,
			);
			name = Products;
			sourceTree = "<group>";
		};
		ED84DF5F1D8DC482004395DD /* SaveThisBee */ = {
			isa = PBXGroup;
			children = (
				ED84DF601D8DC482004395DD /* AppDelegate.swift */,
				ED84DF621D8DC482004395DD /* GameScene.sks */,
				ED84DF641D8DC482004395DD /* GameScene.swift */,
				ED84DF661D8DC482004395DD /* GameViewController.swift */,
				ED84DF681D8DC482004395DD /* Main.storyboard */,
				ED84DF6B1D8DC482004395DD /* Assets.xcassets */,
				ED84DF6D1D8DC482004395DD /* LaunchScreen.storyboard */,
				ED84DF701D8DC482004395DD /* Info.plist */,
			);
			path = SaveThisBee;
			sourceTree = "<group>";
		};
		ED84DF781D8DC482004395DD /* SaveThisBeeTests */ = {
			isa = PBXGroup;
			children = (
				ED84DF791D8DC482004395DD /* SaveThisBeeTests.swift */,
				ED84DF7B1D8DC482004395DD /* Info.plist */,
			);
			path = SaveThisBeeTests;
			sourceTree = "<group>";
		};
		ED84DF831D8DC482004395DD /* SaveThisBeeUITests */ = {
			isa = PBXGroup;
			children = (
				ED84DF841D8DC482004395DD /* SaveThisBeeUITests.swift */,
				ED84DF861D8DC482004395DD /* Info.plist */,
			);
			path = SaveThisBeeUITests;
			sourceTree = "<group>";
		};
/* End PBXGroup section */

/* Begin PBXNativeTarget section */
		ED84DF5C1D8DC482004395DD /* SaveThisBee */ = {
			isa = PBXNativeTarget;
			buildConfigurationList = ED84DF891D8DC482004395DD /* Build configuration list for PBXNativeTarget "SaveThisBee" */;
			buildPhases = (
				ED84DF591D8DC482004395DD /* Sources */,
				ED84DF5A1D8DC482004395DD /* Frameworks */,
				ED84DF5B1D8DC482004395DD /* Resources */,
			);
			buildRules = (
			);
			dependencies = (
			);
			name = SaveThisBee;
			productName = SaveThisBee;
			productReference = ED84DF5D1D8DC482004395DD /* SaveThisBee.app */;
			productType = "com.apple.product-type.application";
		};
		ED84DF741D8DC482004395DD /* SaveThisBeeTests */ = {
			isa = PBXNativeTarget;
			buildConfigurationList = ED84DF8C1D8DC482004395DD /* Build configuration list for PBXNativeTarget "SaveThisBeeTests" */;
			buildPhases = (
				ED84DF711D8DC482004395DD /* Sources */,
				ED84DF721D8DC482004395DD /* Frameworks */,
				ED84DF731D8DC482004395DD /* Resources */,
			);
			buildRules = (
			);
			dependencies = (
				ED84DF771D8DC482004395DD /* PBXTargetDependency */,
			);
			name = SaveThisBeeTests;
			productName = SaveThisBeeTests;
			productReference = ED84DF751D8DC482004395DD /* SaveThisBeeTests.xctest */;
			productType = "com.apple.product-type.bundle.unit-test";
		};
		ED84DF7F1D8DC482004395DD /* SaveThisBeeUITests */ = {
			isa = PBXNativeTarget;
			buildConfigurationList = ED84DF8F1D8DC482004395DD /* Build configuration list for PBXNativeTarget "SaveThisBeeUITests" */;
			buildPhases = (
				ED84DF7C1D8DC482004395DD /* Sources */,
				ED84DF7D1D8DC482004395DD /* Frameworks */,
				ED84DF7E1D8DC482004395DD /* Resources */,
			);
			buildRules = (
			);
			dependencies = (
				ED84DF821D8DC482004395DD /* PBXTargetDependency */,
			);
			name = SaveThisBeeUITests;
			productName = SaveThisBeeUITests;
			productReference = ED84DF801D8DC482004395DD /* SaveThisBeeUITests.xctest */;
			productType = "com.apple.product-type.bundle.ui-testing";
		};
/* End PBXNativeTarget section */

/* Begin PBXProject section */
		ED84DF551D8DC482004395DD /* Project object */ = {
			isa = PBXProject;
			attributes = {
				LastSwiftUpdateCheck = 0730;
				LastUpgradeCheck = 0730;
				ORGANIZATIONNAME = "sagar vadapalli";
				TargetAttributes = {
					ED84DF5C1D8DC482004395DD = {
						CreatedOnToolsVersion = 7.3.1;
					};
					ED84DF741D8DC482004395DD = {
						CreatedOnToolsVersion = 7.3.1;
						TestTargetID = ED84DF5C1D8DC482004395DD;
					};
					ED84DF7F1D8DC482004395DD = {
						CreatedOnToolsVersion = 7.3.1;
						TestTargetID = ED84DF5C1D8DC482004395DD;
					};
				};
			};
			buildConfigurationList = ED84DF581D8DC482004395DD /* Build configuration list for PBXProject "SaveThisBee" */;
			compatibilityVersion = "Xcode 3.2";
			developmentRegion = English;
			hasScannedForEncodings = 0;
			knownRegions = (
				en,
				Base,
			);
			mainGroup = ED84DF541D8DC482004395DD;
			productRefGroup = ED84DF5E1D8DC482004395DD /* Products */;
			projectDirPath = "";
			projectRoot = "";
			targets = (
				ED84DF5C1D8DC482004395DD /* SaveThisBee */,
				ED84DF741D8DC482004395DD /* SaveThisBeeTests */,
				ED84DF7F1D8DC482004395DD /* SaveThisBeeUITests */,
			);
		};
/* End PBXProject section */

/* Begin PBXResourcesBuildPhase section */
		ED84DF5B1D8DC482004395DD /* Resources */ = {
			isa = PBXResourcesBuildPhase;
			buildActionMask = 2147483647;
			files = (
				ED84DF631D8DC482004395DD /* GameScene.sks in Resources */,
				ED84DF6F1D8DC482004395DD /* LaunchScreen.storyboard in Resources */,
				ED84DF6C1D8DC482004395DD /* Assets.xcassets in Resources */,
				ED84DF6A1D8DC482004395DD /* Main.storyboard in Resources */,
			);
			runOnlyForDeploymentPostprocessing = 0;
		};
		ED84DF731D8DC482004395DD /* Resources */ = {
			isa = PBXResourcesBuildPhase;
			buildActionMask = 2147483647;
			files = (
			);
			runOnlyForDeploymentPostprocessing = 0;
		};
		ED84DF7E1D8DC482004395DD /* Resources */ = {
			isa = PBXResourcesBuildPhase;
			buildActionMask = 2147483647;
			files = (
			);
			runOnlyForDeploymentPostprocessing = 0;
		};
/* End PBXResourcesBuildPhase section */

/* Begin PBXSourcesBuildPhase section */
		ED84DF591D8DC482004395DD /* Sources */ = {
			isa = PBXSourcesBuildPhase;
			buildActionMask = 2147483647;
			files = (
				ED84DF651D8DC482004395DD /* GameScene.swift in Sources */,
				ED84DF671D8DC482004395DD /* GameViewController.swift in Sources */,
				ED84DF611D8DC482004395DD /* AppDelegate.swift in Sources */,
			);
			runOnlyForDeploymentPostprocessing = 0;
		};
		ED84DF711D8DC482004395DD /* Sources */ = {
			isa = PBXSourcesBuildPhase;
			buildActionMask = 2147483647;
			files = (
				ED84DF7A1D8DC482004395DD /* SaveThisBeeTests.swift in Sources */,
			);
			runOnlyForDeploymentPostprocessing = 0;
		};
		ED84DF7C1D8DC482004395DD /* Sources */ = {
			isa = PBXSourcesBuildPhase;
			buildActionMask = 2147483647;
			files = (
				ED84DF851D8DC482004395DD /* SaveThisBeeUITests.swift in Sources */,
			);
			runOnlyForDeploymentPostprocessing = 0;
		};
/* End PBXSourcesBuildPhase section */

/* Begin PBXTargetDependency section */
		ED84DF771D8DC482004395DD /* PBXTargetDependency */ = {
			isa = PBXTargetDependency;
			target = ED84DF5C1D8DC482004395DD /* SaveThisBee */;
			targetProxy = ED84DF761D8DC482004395DD /* PBXContainerItemProxy */;
		};
		ED84DF821D8DC482004395DD /* PBXTargetDependency */ = {
			isa = PBXTargetDependency;
			target = ED84DF5C1D8DC482004395DD /* SaveThisBee */;
			targetProxy = ED84DF811D8DC482004395DD /* PBXContainerItemProxy */;
		};
/* End PBXTargetDependency section */

/* Begin PBXVariantGroup section */
		ED84DF681D8DC482004395DD /* Main.storyboard */ = {
			isa = PBXVariantGroup;
			children = (
				ED84DF691D8DC482004395DD /* Base */,
			);
			name = Main.storyboard;
			sourceTree = "<group>";
		};
		ED84DF6D1D8DC482004395DD /* LaunchScreen.storyboard */ = {
			isa = PBXVariantGroup;
			children = (
				ED84DF6E1D8DC482004395DD /* Base */,
			);
			name = LaunchScreen.storyboard;
			sourceTree = "<group>";
		};
/* End PBXVariantGroup section */

/* Begin XCBuildConfiguration section */
		ED84DF871D8DC482004395DD /* Debug */ = {
			isa = XCBuildConfiguration;
			buildSettings = {
				ALWAYS_SEARCH_USER_PATHS = NO;
				CLANG_ANALYZER_NONNULL = YES;
				CLANG_CXX_LANGUAGE_STANDARD = "gnu++0x";
				CLANG_CXX_LIBRARY = "libc++";
				CLANG_ENABLE_MODULES = YES;
				CLANG_ENABLE_OBJC_ARC = YES;
				CLANG_WARN_BOOL_CONVERSION = YES;
				CLANG_WARN_CONSTANT_CONVERSION = YES;
				CLANG_WARN_DIRECT_OBJC_ISA_USAGE = YES_ERROR;
				CLANG_WARN_EMPTY_BODY = YES;
				CLANG_WARN_ENUM_CONVERSION = YES;
				CLANG_WARN_INT_CONVERSION = YES;
				CLANG_WARN_OBJC_ROOT_CLASS = YES_ERROR;
				CLANG_WARN_UNREACHABLE_CODE = YES;
				CLANG_WARN__DUPLICATE_METHOD_MATCH = YES;
				"CODE_SIGN_IDENTITY[sdk=iphoneos*]" = "iPhone Developer";
				COPY_PHASE_STRIP = NO;
				DEBUG_INFORMATION_FORMAT = "dwarf-with-dsym";
				ENABLE_STRICT_OBJC_MSGSEND = YES;
				ENABLE_TESTABILITY = YES;
				GCC_C_LANGUAGE_STANDARD = gnu99;
				GCC_DYNAMIC_NO_PIC = NO;
				GCC_NO_COMMON_BLOCKS = YES;
				GCC_OPTIMIZATION_LEVEL = 0;
				GCC_PREPROCESSOR_DEFINITIONS = (
					"DEBUG=1",
					"$(inherited)",
				);
				GCC_WARN_64_TO_32_BIT_CONVERSION = YES;
				GCC_WARN_ABOUT_RETURN_TYPE = YES_ERROR;
				GCC_WARN_UNDECLARED_SELECTOR = YES;
				GCC_WARN_UNINITIALIZED_AUTOS = YES_AGGRESSIVE;
				GCC_WARN_UNUSED_FUNCTION = YES;
				GCC_WARN_UNUSED_VARIABLE = YES;
				IPHONEOS_DEPLOYMENT_TARGET = 9.3;
				MTL_ENABLE_DEBUG_INFO = YES;
				ONLY_ACTIVE_ARCH = YES;
				SDKROOT = iphoneos;
				SWIFT_OPTIMIZATION_LEVEL = "-Onone";
				TARGETED_DEVICE_FAMILY = "1,2";
			};
			name = Debug;
		};
		ED84DF881D8DC482004395DD /* Release */ = {
			isa = XCBuildConfiguration;
			buildSettings = {
				ALWAYS_SEARCH_USER_PATHS = NO;
				CLANG_ANALYZER_NONNULL = YES;
				CLANG_CXX_LANGUAGE_STANDARD = "gnu++0x";
				CLANG_CXX_LIBRARY = "libc++";
				CLANG_ENABLE_MODULES = YES;
				CLANG_ENABLE_OBJC_ARC = YES;
				CLANG_WARN_BOOL_CONVERSION = YES;
				CLANG_WARN_CONSTANT_CONVERSION = YES;
				CLANG_WARN_DIRECT_OBJC_ISA_USAGE = YES_ERROR;
				CLANG_WARN_EMPTY_BODY = YES;
				CLANG_WARN_ENUM_CONVERSION = YES;
				CLANG_WARN_INT_CONVERSION = YES;
				CLANG_WARN_OBJC_ROOT_CLASS = YES_ERROR;
				CLANG_WARN_UNREACHABLE_CODE = YES;
				CLANG_WARN__DUPLICATE_METHOD_MATCH = YES;
				"CODE_SIGN_IDENTITY[sdk=iphoneos*]" = "iPhone Developer";
				COPY_PHASE_STRIP = NO;
				DEBUG_INFORMATION_FORMAT = "dwarf-with-dsym";
				ENABLE_NS_ASSERTIONS = NO;
				ENABLE_STRICT_OBJC_MSGSEND = YES;
				GCC_C_LANGUAGE_STANDARD = gnu99;
				GCC_NO_COMMON_BLOCKS = YES;
				GCC_WARN_64_TO_32_BIT_CONVERSION = YES;
				GCC_WARN_ABOUT_RETURN_TYPE = YES_ERROR;
				GCC_WARN_UNDECLARED_SELECTOR = YES;
				GCC_WARN_UNINITIALIZED_AUTOS = YES_AGGRESSIVE;
				GCC_WARN_UNUSED_FUNCTION = YES;
				GCC_WARN_UNUSED_VARIABLE = YES;
				IPHONEOS_DEPLOYMENT_TARGET = 9.3;
				MTL_ENABLE_DEBUG_INFO = NO;
				SDKROOT = iphoneos;
				TARGETED_DEVICE_FAMILY = "1,2";
				VALIDATE_PRODUCT = YES;
			};
			name = Release;
		};
		ED84DF8A1D8DC482004395DD /* Debug */ = {
			isa = XCBuildConfiguration;
			buildSettings = {
				ASSETCATALOG_COMPILER_APPICON_NAME = AppIcon;
				INFOPLIST_FILE = SaveThisBee/Info.plist;
				LD_RUNPATH_SEARCH_PATHS = "$(inherited) @executable_path/Frameworks";
				PRODUCT_BUNDLE_IDENTIFIER = m.SaveThisBee;
				PRODUCT_NAME = "$(TARGET_NAME)";
			};
			name = Debug;
		};
		ED84DF8B1D8DC482004395DD /* Release */ = {
			isa = XCBuildConfiguration;
			buildSettings = {
				ASSETCATALOG_COMPILER_APPICON_NAME = AppIcon;
				INFOPLIST_FILE = SaveThisBee/Info.plist;
				LD_RUNPATH_SEARCH_PATHS = "$(inherited) @executable_path/Frameworks";
				PRODUCT_BUNDLE_IDENTIFIER = m.SaveThisBee;
				PRODUCT_NAME = "$(TARGET_NAME)";
			};
			name = Release;
		};
		ED84DF8D1D8DC482004395DD /* Debug */ = {
			isa = XCBuildConfiguration;
			buildSettings = {
				BUNDLE_LOADER = "$(TEST_HOST)";
				DEBUG_INFORMATION_FORMAT = dwarf;
				INFOPLIST_FILE = SaveThisBeeTests/Info.plist;
				LD_RUNPATH_SEARCH_PATHS = "$(inherited) @executable_path/Frameworks @loader_path/Frameworks";
				PRODUCT_BUNDLE_IDENTIFIER = m.SaveThisBeeTests;
				PRODUCT_NAME = "$(TARGET_NAME)";
				TEST_HOST = "$(BUILT_PRODUCTS_DIR)/SaveThisBee.app/SaveThisBee";
			};
			name = Debug;
		};
		ED84DF8E1D8DC482004395DD /* Release */ = {
			isa = XCBuildConfiguration;
			buildSettings = {
				BUNDLE_LOADER = "$(TEST_HOST)";
				INFOPLIST_FILE = SaveThisBeeTests/Info.plist;
				LD_RUNPATH_SEARCH_PATHS = "$(inherited) @executable_path/Frameworks @loader_path/Frameworks";
				PRODUCT_BUNDLE_IDENTIFIER = m.SaveThisBeeTests;
				PRODUCT_NAME = "$(TARGET_NAME)";
				TEST_HOST = "$(BUILT_PRODUCTS_DIR)/SaveThisBee.app/SaveThisBee";
			};
			name = Release;
		};
		ED84DF901D8DC482004395DD /* Debug */ = {
			isa = XCBuildConfiguration;
			buildSettings = {
				DEBUG_INFORMATION_FORMAT = dwarf;
				INFOPLIST_FILE = SaveThisBeeUITests/Info.plist;
				LD_RUNPATH_SEARCH_PATHS = "$(inherited) @executable_path/Frameworks @loader_path/Frameworks";
				PRODUCT_BUNDLE_IDENTIFIER = m.SaveThisBeeUITests;
				PRODUCT_NAME = "$(TARGET_NAME)";
				TEST_TARGET_NAME = SaveThisBee;
			};
			name = Debug;
		};
		ED84DF911D8DC482004395DD /* Release */ = {
			isa = XCBuildConfiguration;
			buildSettings = {
				INFOPLIST_FILE = SaveThisBeeUITests/Info.plist;
				LD_RUNPATH_SEARCH_PATHS = "$(inherited) @executable_path/Frameworks @loader_path/Frameworks";
				PRODUCT_BUNDLE_IDENTIFIER = m.SaveThisBeeUITests;
				PRODUCT_NAME = "$(TARGET_NAME)";
				TEST_TARGET_NAME = SaveThisBee;
			};
			name = Release;
		};
/* End XCBuildConfiguration section */

/* Begin XCConfigurationList section */
		ED84DF581D8DC482004395DD /* Build configuration list for PBXProject "SaveThisBee" */ = {
			isa = XCConfigurationList;
			buildConfigurations = (
				ED84DF871D8DC482004395DD /* Debug */,
				ED84DF881D8DC482004395DD /* Release */,
			);
			defaultConfigurationIsVisible = 0;
			defaultConfigurationName = Release;
		};
		ED84DF891D8DC482004395DD /* Build configuration list for PBXNativeTarget "SaveThisBee" */ = {
			isa = XCConfigurationList;
			buildConfigurations = (
				ED84DF8A1D8DC482004395DD /* Debug */,
				ED84DF8B1D8DC482004395DD /* Release */,
			);
			defaultConfigurationIsVisible = 0;
		};
		ED84DF8C1D8DC482004395DD /* Build configuration list for PBXNativeTarget "SaveThisBeeTests" */ = {
			isa = XCConfigurationList;
			buildConfigurations = (
				ED84DF8D1D8DC482004395DD /* Debug */,
				ED84DF8E1D8DC482004395DD /* Release */,
			);
			defaultConfigurationIsVisible = 0;
		};
		ED84DF8F1D8DC482004395DD /* Build configuration list for PBXNativeTarget "SaveThisBeeUITests" */ = {
			isa = XCConfigurationList;
			buildConfigurations = (
				ED84DF901D8DC482004395DD /* Debug */,
				ED84DF911D8DC482004395DD /* Release */,
			);
			defaultConfigurationIsVisible = 0;
		};
/* End XCConfigurationList section */
	};
	rootObject = ED84DF551D8DC482004395DD /* Project object */;
}
